// !$*UTF8*$!
{
	archiveVersion = 1;
	classes = {
	};
	objectVersion = 56;
	objects = {

/* Begin PBXBuildFile section */
		F0B12F5B29C129350084E1B8 /* AppDelegate.swift in Sources */ = {isa = PBXBuildFile; fileRef = F0B12F5A29C129350084E1B8 /* AppDelegate.swift */; };
		F0B12F5D29C129350084E1B8 /* SceneDelegate.swift in Sources */ = {isa = PBXBuildFile; fileRef = F0B12F5C29C129350084E1B8 /* SceneDelegate.swift */; };
		F0B12F5F29C129350084E1B8 /* AnasayfaViewController.swift in Sources */ = {isa = PBXBuildFile; fileRef = F0B12F5E29C129350084E1B8 /* AnasayfaViewController.swift */; };
		F0B12F6229C129350084E1B8 /* Main.storyboard in Resources */ = {isa = PBXBuildFile; fileRef = F0B12F6029C129350084E1B8 /* Main.storyboard */; };
		F0B12F6529C129350084E1B8 /* ShopListApp.xcdatamodeld in Sources */ = {isa = PBXBuildFile; fileRef = F0B12F6329C129350084E1B8 /* ShopListApp.xcdatamodeld */; };
		F0B12F6729C129370084E1B8 /* Assets.xcassets in Resources */ = {isa = PBXBuildFile; fileRef = F0B12F6629C129370084E1B8 /* Assets.xcassets */; };
		F0B12F6A29C129370084E1B8 /* LaunchScreen.storyboard in Resources */ = {isa = PBXBuildFile; fileRef = F0B12F6829C129370084E1B8 /* LaunchScreen.storyboard */; };
		F0B12F7429C12DF30084E1B8 /* VeriDetayViewController.swift in Sources */ = {isa = PBXBuildFile; fileRef = F0B12F7329C12DF30084E1B8 /* VeriDetayViewController.swift */; };
		F0B12F7629C12E010084E1B8 /* VeriEkleViewController.swift in Sources */ = {isa = PBXBuildFile; fileRef = F0B12F7529C12E010084E1B8 /* VeriEkleViewController.swift */; };
		F0B12F7929C130E40084E1B8 /* CoreData.framework in Frameworks */ = {isa = PBXBuildFile; fileRef = F0B12F7829C130E40084E1B8 /* CoreData.framework */; };
/* End PBXBuildFile section */

/* Begin PBXFileReference section */
		F0B12F5729C129350084E1B8 /* ShopListApp.app */ = {isa = PBXFileReference; explicitFileType = wrapper.application; includeInIndex = 0; path = ShopListApp.app; sourceTree = BUILT_PRODUCTS_DIR; };
		F0B12F5A29C129350084E1B8 /* AppDelegate.swift */ = {isa = PBXFileReference; lastKnownFileType = sourcecode.swift; path = AppDelegate.swift; sourceTree = "<group>"; };
		F0B12F5C29C129350084E1B8 /* SceneDelegate.swift */ = {isa = PBXFileReference; lastKnownFileType = sourcecode.swift; path = SceneDelegate.swift; sourceTree = "<group>"; };
		F0B12F5E29C129350084E1B8 /* AnasayfaViewController.swift */ = {isa = PBXFileReference; lastKnownFileType = sourcecode.swift; path = AnasayfaViewController.swift; sourceTree = "<group>"; };
		F0B12F6129C129350084E1B8 /* Base */ = {isa = PBXFileReference; lastKnownFileType = file.storyboard; name = Base; path = Base.lproj/Main.storyboard; sourceTree = "<group>"; };
		F0B12F6429C129350084E1B8 /* ShopListApp.xcdatamodel */ = {isa = PBXFileReference; lastKnownFileType = wrapper.xcdatamodel; path = ShopListApp.xcdatamodel; sourceTree = "<group>"; };
		F0B12F6629C129370084E1B8 /* Assets.xcassets */ = {isa = PBXFileReference; lastKnownFileType = folder.assetcatalog; path = Assets.xcassets; sourceTree = "<group>"; };
		F0B12F6929C129370084E1B8 /* Base */ = {isa = PBXFileReference; lastKnownFileType = file.storyboard; name = Base; path = Base.lproj/LaunchScreen.storyboard; sourceTree = "<group>"; };
		F0B12F6B29C129370084E1B8 /* Info.plist */ = {isa = PBXFileReference; lastKnownFileType = text.plist.xml; path = Info.plist; sourceTree = "<group>"; };
		F0B12F7329C12DF30084E1B8 /* VeriDetayViewController.swift */ = {isa = PBXFileReference; lastKnownFileType = sourcecode.swift; path = VeriDetayViewController.swift; sourceTree = "<group>"; };
		F0B12F7529C12E010084E1B8 /* VeriEkleViewController.swift */ = {isa = PBXFileReference; lastKnownFileType = sourcecode.swift; path = VeriEkleViewController.swift; sourceTree = "<group>"; };
		F0B12F7829C130E40084E1B8 /* CoreData.framework */ = {isa = PBXFileReference; lastKnownFileType = wrapper.framework; name = CoreData.framework; path = System/Library/Frameworks/CoreData.framework; sourceTree = SDKROOT; };
/* End PBXFileReference section */

/* Begin PBXFrameworksBuildPhase section */
		F0B12F5429C129350084E1B8 /* Frameworks */ = {
			isa = PBXFrameworksBuildPhase;
			buildActionMask = 2147483647;
			files = (
				F0B12F7929C130E40084E1B8 /* CoreData.framework in Frameworks */,
			);
			runOnlyForDeploymentPostprocessing = 0;
		};
/* End PBXFrameworksBuildPhase section */

/* Begin PBXGroup section */
		F0B12F4E29C129350084E1B8 = {
			isa = PBXGroup;
			children = (
				F0B12F5929C129350084E1B8 /* ShopListApp */,
				F0B12F5829C129350084E1B8 /* Products */,
				F0B12F7729C130E30084E1B8 /* Frameworks */,
			);
			sourceTree = "<group>";
		};
		F0B12F5829C129350084E1B8 /* Products */ = {
			isa = PBXGroup;
			children = (
				F0B12F5729C129350084E1B8 /* ShopListApp.app */,
			);
			name = Products;
			sourceTree = "<group>";
		};
		F0B12F5929C129350084E1B8 /* ShopListApp */ = {
			isa = PBXGroup;
			children = (
				F0B12F5A29C129350084E1B8 /* AppDelegate.swift */,
				F0B12F5C29C129350084E1B8 /* SceneDelegate.swift */,
				F0B12F6029C129350084E1B8 /* Main.storyboard */,
				F0B12F6629C129370084E1B8 /* Assets.xcassets */,
				F0B12F6829C129370084E1B8 /* LaunchScreen.storyboard */,
				F0B12F6B29C129370084E1B8 /* Info.plist */,
				F0B12F5E29C129350084E1B8 /* AnasayfaViewController.swift */,
				F0B12F7329C12DF30084E1B8 /* VeriDetayViewController.swift */,
				F0B12F7529C12E010084E1B8 /* VeriEkleViewController.swift */,
				F0B12F6329C129350084E1B8 /* ShopListApp.xcdatamodeld */,
			);
			path = ShopListApp;
			sourceTree = "<group>";
		};
		F0B12F7729C130E30084E1B8 /* Frameworks */ = {
			isa = PBXGroup;
			children = (
				F0B12F7829C130E40084E1B8 /* CoreData.framework */,
			);
			name = Frameworks;
			sourceTree = "<group>";
		};
/* End PBXGroup section */

/* Begin PBXNativeTarget section */
		F0B12F5629C129350084E1B8 /* ShopListApp */ = {
			isa = PBXNativeTarget;
			buildConfigurationList = F0B12F6E29C129370084E1B8 /* Build configuration list for PBXNativeTarget "ShopListApp" */;
			buildPhases = (
				F0B12F5329C129350084E1B8 /* Sources */,
				F0B12F5429C129350084E1B8 /* Frameworks */,
				F0B12F5529C129350084E1B8 /* Resources */,
			);
			buildRules = (
			);
			dependencies = (
			);
			name = ShopListApp;
			productName = ShopListApp;
			productReference = F0B12F5729C129350084E1B8 /* ShopListApp.app */;
			productType = "com.apple.product-type.application";
		};
/* End PBXNativeTarget section */

/* Begin PBXProject section */
		F0B12F4F29C129350084E1B8 /* Project object */ = {
			isa = PBXProject;
			attributes = {
				BuildIndependentTargetsInParallel = 1;
				LastSwiftUpdateCheck = 1420;
				LastUpgradeCheck = 1420;
				TargetAttributes = {
					F0B12F5629C129350084E1B8 = {
						CreatedOnToolsVersion = 14.2;
					};
				};
			};
			buildConfigurationList = F0B12F5229C129350084E1B8 /* Build configuration list for PBXProject "ShopListApp" */;
			compatibilityVersion = "Xcode 14.0";
			developmentRegion = en;
			hasScannedForEncodings = 0;
			knownRegions = (
				en,
				Base,
			);
			mainGroup = F0B12F4E29C129350084E1B8;
			productRefGroup = F0B12F5829C129350084E1B8 /* Products */;
			projectDirPath = "";
			projectRoot = "";
			targets = (
				F0B12F5629C129350084E1B8 /* ShopListApp */,
			);
		};
/* End PBXProject section */

/* Begin PBXResourcesBuildPhase section */
		F0B12F5529C129350084E1B8 /* Resources */ = {
			isa = PBXResourcesBuildPhase;
			buildActionMask = 2147483647;
			files = (
				F0B12F6A29C129370084E1B8 /* LaunchScreen.storyboard in Resources */,
				F0B12F6729C129370084E1B8 /* Assets.xcassets in Resources */,
				F0B12F6229C129350084E1B8 /* Main.storyboard in Resources */,
			);
			runOnlyForDeploymentPostprocessing = 0;
		};
/* End PBXResourcesBuildPhase section */

/* Begin PBXSourcesBuildPhase section */
		F0B12F5329C129350084E1B8 /* Sources */ = {
			isa = PBXSourcesBuildPhase;
			buildActionMask = 2147483647;
			files = (
				F0B12F5F29C129350084E1B8 /* AnasayfaViewController.swift in Sources */,
				F0B12F5B29C129350084E1B8 /* AppDelegate.swift in Sources */,
				F0B12F5D29C129350084E1B8 /* SceneDelegate.swift in Sources */,
				F0B12F7629C12E010084E1B8 /* VeriEkleViewController.swift in Sources */,
				F0B12F6529C129350084E1B8 /* ShopListApp.xcdatamodeld in Sources */,
				F0B12F7429C12DF30084E1B8 /* VeriDetayViewController.swift in Sources */,
			);
			runOnlyForDeploymentPostprocessing = 0;
		};
/* End PBXSourcesBuildPhase section */

/* Begin PBXVariantGroup section */
		F0B12F6029C129350084E1B8 /* Main.storyboard */ = {
			isa = PBXVariantGroup;
			children = (
				F0B12F6129C129350084E1B8 /* Base */,
			);
			name = Main.storyboard;
			sourceTree = "<group>";
		};
		F0B12F6829C129370084E1B8 /* LaunchScreen.storyboard */ = {
			isa = PBXVariantGroup;
			children = (
				F0B12F6929C129370084E1B8 /* Base */,
			);
			name = LaunchScreen.storyboard;
			sourceTree = "<group>";
		};
/* End PBXVariantGroup section */

/* Begin XCBuildConfiguration section */
		F0B12F6C29C129370084E1B8 /* Debug */ = {
			isa = XCBuildConfiguration;
			buildSettings = {
				ALWAYS_SEARCH_USER_PATHS = NO;
				CLANG_ANALYZER_NONNULL = YES;
				CLANG_ANALYZER_NUMBER_OBJECT_CONVERSION = YES_AGGRESSIVE;
				CLANG_CXX_LANGUAGE_STANDARD = "gnu++20";
				CLANG_ENABLE_MODULES = YES;
				CLANG_ENABLE_OBJC_ARC = YES;
				CLANG_ENABLE_OBJC_WEAK = YES;
				CLANG_WARN_BLOCK_CAPTURE_AUTORELEASING = YES;
				CLANG_WARN_BOOL_CONVERSION = YES;
				CLANG_WARN_COMMA = YES;
				CLANG_WARN_CONSTANT_CONVERSION = YES;
				CLANG_WARN_DEPRECATED_OBJC_IMPLEMENTATIONS = YES;
				CLANG_WARN_DIRECT_OBJC_ISA_USAGE = YES_ERROR;
				CLANG_WARN_DOCUMENTATION_COMMENTS = YES;
				CLANG_WARN_EMPTY_BODY = YES;
				CLANG_WARN_ENUM_CONVERSION = YES;
				CLANG_WARN_INFINITE_RECURSION = YES;
				CLANG_WARN_INT_CONVERSION = YES;
				CLANG_WARN_NON_LITERAL_NULL_CONVERSION = YES;
				CLANG_WARN_OBJC_IMPLICIT_RETAIN_SELF = YES;
				CLANG_WARN_OBJC_LITERAL_CONVERSION = YES;
				CLANG_WARN_OBJC_ROOT_CLASS = YES_ERROR;
				CLANG_WARN_QUOTED_INCLUDE_IN_FRAMEWORK_HEADER = YES;
				CLANG_WARN_RANGE_LOOP_ANALYSIS = YES;
				CLANG_WARN_STRICT_PROTOTYPES = YES;
				CLANG_WARN_SUSPICIOUS_MOVE = YES;
				CLANG_WARN_UNGUARDED_AVAILABILITY = YES_AGGRESSIVE;
				CLANG_WARN_UNREACHABLE_CODE = YES;
				CLANG_WARN__DUPLICATE_METHOD_MATCH = YES;
				COPY_PHASE_STRIP = NO;
				DEBUG_INFORMATION_FORMAT = dwarf;
				ENABLE_STRICT_OBJC_MSGSEND = YES;
				ENABLE_TESTABILITY = YES;
				GCC_C_LANGUAGE_STANDARD = gnu11;
				GCC_DYNAMIC_NO_PIC = NO;
				GCC_NO_COMMON_BLOCKS = YES;
				GCC_OPTIMIZATION_LEVEL = 0;
				GCC_PREPROCESSOR_DEFINITIONS = (
					"DEBUG=1",
					"$(inherited)",
				);
				GCC_WARN_64_TO_32_BIT_CONVERSION = YES;
				GCC_WARN_ABOUT_RETURN_TYPE = YES_ERROR;
				GCC_WARN_UNDECLARED_SELECTOR = YES;
				GCC_WARN_UNINITIALIZED_AUTOS = YES_AGGRESSIVE;
				GCC_WARN_UNUSED_FUNCTION = YES;
				GCC_WARN_UNUSED_VARIABLE = YES;
				IPHONEOS_DEPLOYMENT_TARGET = 16.2;
				MTL_ENABLE_DEBUG_INFO = INCLUDE_SOURCE;
				MTL_FAST_MATH = YES;
				ONLY_ACTIVE_ARCH = YES;
				SDKROOT = iphoneos;
				SWIFT_ACTIVE_COMPILATION_CONDITIONS = DEBUG;
				SWIFT_OPTIMIZATION_LEVEL = "-Onone";
			};
			name = Debug;
		};
		F0B12F6D29C129370084E1B8 /* Release */ = {
			isa = XCBuildConfiguration;
			buildSettings = {
				ALWAYS_SEARCH_USER_PATHS = NO;
				CLANG_ANALYZER_NONNULL = YES;
				CLANG_ANALYZER_NUMBER_OBJECT_CONVERSION = YES_AGGRESSIVE;
				CLANG_CXX_LANGUAGE_STANDARD = "gnu++20";
				CLANG_ENABLE_MODULES = YES;
				CLANG_ENABLE_OBJC_ARC = YES;
				CLANG_ENABLE_OBJC_WEAK = YES;
				CLANG_WARN_BLOCK_CAPTURE_AUTORELEASING = YES;
				CLANG_WARN_BOOL_CONVERSION = YES;
				CLANG_WARN_COMMA = YES;
				CLANG_WARN_CONSTANT_CONVERSION = YES;
				CLANG_WARN_DEPRECATED_OBJC_IMPLEMENTATIONS = YES;
				CLANG_WARN_DIRECT_OBJC_ISA_USAGE = YES_ERROR;
				CLANG_WARN_DOCUMENTATION_COMMENTS = YES;
				CLANG_WARN_EMPTY_BODY = YES;
				CLANG_WARN_ENUM_CONVERSION = YES;
				CLANG_WARN_INFINITE_RECURSION = YES;
				CLANG_WARN_INT_CONVERSION = YES;
				CLANG_WARN_NON_LITERAL_NULL_CONVERSION = YES;
				CLANG_WARN_OBJC_IMPLICIT_RETAIN_SELF = YES;
				CLANG_WARN_OBJC_LITERAL_CONVERSION = YES;
				CLANG_WARN_OBJC_ROOT_CLASS = YES_ERROR;
				CLANG_WARN_QUOTED_INCLUDE_IN_FRAMEWORK_HEADER = YES;
				CLANG_WARN_RANGE_LOOP_ANALYSIS = YES;
				CLANG_WARN_STRICT_PROTOTYPES = YES;
				CLANG_WARN_SUSPICIOUS_MOVE = YES;
				CLANG_WARN_UNGUARDED_AVAILABILITY = YES_AGGRESSIVE;
				CLANG_WARN_UNREACHABLE_CODE = YES;
				CLANG_WARN__DUPLICATE_METHOD_MATCH = YES;
				COPY_PHASE_STRIP = NO;
				DEBUG_INFORMATION_FORMAT = "dwarf-with-dsym";
				ENABLE_NS_ASSERTIONS = NO;
				ENABLE_STRICT_OBJC_MSGSEND = YES;
				GCC_C_LANGUAGE_STANDARD = gnu11;
				GCC_NO_COMMON_BLOCKS = YES;
				GCC_WARN_64_TO_32_BIT_CONVERSION = YES;
				GCC_WARN_ABOUT_RETURN_TYPE = YES_ERROR;
				GCC_WARN_UNDECLARED_SELECTOR = YES;
				GCC_WARN_UNINITIALIZED_AUTOS = YES_AGGRESSIVE;
				GCC_WARN_UNUSED_FUNCTION = YES;
				GCC_WARN_UNUSED_VARIABLE = YES;
				IPHONEOS_DEPLOYMENT_TARGET = 16.2;
				MTL_ENABLE_DEBUG_INFO = NO;
				MTL_FAST_MATH = YES;
				SDKROOT = iphoneos;
				SWIFT_COMPILATION_MODE = wholemodule;
				SWIFT_OPTIMIZATION_LEVEL = "-O";
				VALIDATE_PRODUCT = YES;
			};
			name = Release;
		};
		F0B12F6F29C129370084E1B8 /* Debug */ = {
			isa = XCBuildConfiguration;
			buildSettings = {
				ASSETCATALOG_COMPILER_APPICON_NAME = AppIcon;
				ASSETCATALOG_COMPILER_GLOBAL_ACCENT_COLOR_NAME = AccentColor;
				CODE_SIGN_STYLE = Automatic;
				CURRENT_PROJECT_VERSION = 1;
				DEVELOPMENT_TEAM = NJJ9RPZ7XR;
				GENERATE_INFOPLIST_FILE = YES;
				INFOPLIST_FILE = ShopListApp/Info.plist;
				INFOPLIST_KEY_UIApplicationSupportsIndirectInputEvents = YES;
				INFOPLIST_KEY_UILaunchStoryboardName = LaunchScreen;
				INFOPLIST_KEY_UIMainStoryboardFile = Main;
				INFOPLIST_KEY_UISupportedInterfaceOrientations_iPad = "UIInterfaceOrientationPortrait UIInterfaceOrientationPortraitUpsideDown UIInterfaceOrientationLandscapeLeft UIInterfaceOrientationLandscapeRight";
				INFOPLIST_KEY_UISupportedInterfaceOrientations_iPhone = "UIInterfaceOrientationPortrait UIInterfaceOrientationLandscapeLeft UIInterfaceOrientationLandscapeRight";
				LD_RUNPATH_SEARCH_PATHS = (
					"$(inherited)",
					"@executable_path/Frameworks",
				);
				MARKETING_VERSION = 1.0;
				PRODUCT_BUNDLE_IDENTIFIER = com.yunusberdibekk.ShopListApp;
				PRODUCT_NAME = "$(TARGET_NAME)";
				SWIFT_EMIT_LOC_STRINGS = YES;
				SWIFT_VERSION = 5.0;
				TARGETED_DEVICE_FAMILY = "1,2";
			};
			name = Debug;
		};
		F0B12F7029C129370084E1B8 /* Release */ = {
			isa = XCBuildConfiguration;
			buildSettings = {
				ASSETCATALOG_COMPILER_APPICON_NAME = AppIcon;
				ASSETCATALOG_COMPILER_GLOBAL_ACCENT_COLOR_NAME = AccentColor;
				CODE_SIGN_STYLE = Automatic;
				CURRENT_PROJECT_VERSION = 1;
				DEVELOPMENT_TEAM = NJJ9RPZ7XR;
				GENERATE_INFOPLIST_FILE = YES;
				INFOPLIST_FILE = ShopListApp/Info.plist;
				INFOPLIST_KEY_UIApplicationSupportsIndirectInputEvents = YES;
				INFOPLIST_KEY_UILaunchStoryboardName = LaunchScreen;
				INFOPLIST_KEY_UIMainStoryboardFile = Main;
				INFOPLIST_KEY_UISupportedInterfaceOrientations_iPad = "UIInterfaceOrientationPortrait UIInterfaceOrientationPortraitUpsideDown UIInterfaceOrientationLandscapeLeft UIInterfaceOrientationLandscapeRight";
				INFOPLIST_KEY_UISupportedInterfaceOrientations_iPhone = "UIInterfaceOrientationPortrait UIInterfaceOrientationLandscapeLeft UIInterfaceOrientationLandscapeRight";
				LD_RUNPATH_SEARCH_PATHS = (
					"$(inherited)",
					"@executable_path/Frameworks",
				);
				MARKETING_VERSION = 1.0;
				PRODUCT_BUNDLE_IDENTIFIER = com.yunusberdibekk.ShopListApp;
				PRODUCT_NAME = "$(TARGET_NAME)";
				SWIFT_EMIT_LOC_STRINGS = YES;
				SWIFT_VERSION = 5.0;
				TARGETED_DEVICE_FAMILY = "1,2";
			};
			name = Release;
		};
/* End XCBuildConfiguration section */

/* Begin XCConfigurationList section */
		F0B12F5229C129350084E1B8 /* Build configuration list for PBXProject "ShopListApp" */ = {
			isa = XCConfigurationList;
			buildConfigurations = (
				F0B12F6C29C129370084E1B8 /* Debug */,
				F0B12F6D29C129370084E1B8 /* Release */,
			);
			defaultConfigurationIsVisible = 0;
			defaultConfigurationName = Release;
		};
		F0B12F6E29C129370084E1B8 /* Build configuration list for PBXNativeTarget "ShopListApp" */ = {
			isa = XCConfigurationList;
			buildConfigurations = (
				F0B12F6F29C129370084E1B8 /* Debug */,
				F0B12F7029C129370084E1B8 /* Release */,
			);
			defaultConfigurationIsVisible = 0;
			defaultConfigurationName = Release;
		};
/* End XCConfigurationList section */

/* Begin XCVersionGroup section */
		F0B12F6329C129350084E1B8 /* ShopListApp.xcdatamodeld */ = {
			isa = XCVersionGroup;
			children = (
				F0B12F6429C129350084E1B8 /* ShopListApp.xcdatamodel */,
			);
			currentVersion = F0B12F6429C129350084E1B8 /* ShopListApp.xcdatamodel */;
			path = ShopListApp.xcdatamodeld;
			sourceTree = "<group>";
			versionGroupType = wrapper.xcdatamodel;
		};
/* End XCVersionGroup section */
	};
	rootObject = F0B12F4F29C129350084E1B8 /* Project object */;
}
